
Microsoft Visual Studio Solution File, Format Version 12.00
# Visual Studio Version 17
VisualStudioVersion = 17.0.32112.339
MinimumVisualStudioVersion = 10.0.40219.1
Project("{FAE04EC0-301F-11D3-BF4B-00C04F79EFBC}") = "CurrencyExchange.Web", "CurrencyExchange\CurrencyExchange.Web.csproj", "{DA065DBD-BF20-46EC-A951-18D306AE4806}"
EndProject
Project("{FAE04EC0-301F-11D3-BF4B-00C04F79EFBC}") = "CurrencyExchange.Infrastructure", "CurrencyExchange.Infrastructure\CurrencyExchange.Infrastructure.csproj", "{EC24B1B4-AC23-47F0-98F3-0204B88C5650}"
EndProject
Project("{FAE04EC0-301F-11D3-BF4B-00C04F79EFBC}") = "CurrencyExchange.Domain", "CurrencyExchange.Domain\CurrencyExchange.Domain.csproj", "{6B7C2CEF-198A-4E27-B9B3-86892D0A582B}"
EndProject
Project("{FAE04EC0-301F-11D3-BF4B-00C04F79EFBC}") = "CurrencyExchange.Tests", "CurrencyExchange.Tests\CurrencyExchange.Tests.csproj", "{A196B28C-E8A2-4A29-9FEB-9AF165B968F9}"
EndProject
Project("{2150E333-8FDC-42A3-9474-1A3956D46DE8}") = "Solution Items", "Solution Items", "{C769B844-6465-4A8B-9F54-EB667C71EF21}"
	ProjectSection(SolutionItems) = preProject
		docker-compose.yaml = docker-compose.yaml
	EndProjectSection
EndProject
Global
	GlobalSection(SolutionConfigurationPlatforms) = preSolution
		Debug|Any CPU = Debug|Any CPU
		Release|Any CPU = Release|Any CPU
	EndGlobalSection
	GlobalSection(ProjectConfigurationPlatforms) = postSolution
		{DA065DBD-BF20-46EC-A951-18D306AE4806}.Debug|Any CPU.ActiveCfg = Debug|Any CPU
		{DA065DBD-BF20-46EC-A951-18D306AE4806}.Debug|Any CPU.Build.0 = Debug|Any CPU
		{DA065DBD-BF20-46EC-A951-18D306AE4806}.Release|Any CPU.ActiveCfg = Release|Any CPU
		{DA065DBD-BF20-46EC-A951-18D306AE4806}.Release|Any CPU.Build.0 = Release|Any CPU
		{EC24B1B4-AC23-47F0-98F3-0204B88C5650}.Debug|Any CPU.ActiveCfg = Debug|Any CPU
		{EC24B1B4-AC23-47F0-98F3-0204B88C5650}.Debug|Any CPU.Build.0 = Debug|Any CPU
		{EC24B1B4-AC23-47F0-98F3-0204B88C5650}.Release|Any CPU.ActiveCfg = Release|Any CPU
		{EC24B1B4-AC23-47F0-98F3-0204B88C5650}.Release|Any CPU.Build.0 = Release|Any CPU
		{6B7C2CEF-198A-4E27-B9B3-86892D0A582B}.Debug|Any CPU.ActiveCfg = Debug|Any CPU
		{6B7C2CEF-198A-4E27-B9B3-86892D0A582B}.Debug|Any CPU.Build.0 = Debug|Any CPU
		{6B7C2CEF-198A-4E27-B9B3-86892D0A582B}.Release|Any CPU.ActiveCfg = Release|Any CPU
		{6B7C2CEF-198A-4E27-B9B3-86892D0A582B}.Release|Any CPU.Build.0 = Release|Any CPU
		{A196B28C-E8A2-4A29-9FEB-9AF165B968F9}.Debug|Any CPU.ActiveCfg = Debug|Any CPU
		{A196B28C-E8A2-4A29-9FEB-9AF165B968F9}.Debug|Any CPU.Build.0 = Debug|Any CPU
		{A196B28C-E8A2-4A29-9FEB-9AF165B968F9}.Release|Any CPU.ActiveCfg = Release|Any CPU
		{A196B28C-E8A2-4A29-9FEB-9AF165B968F9}.Release|Any CPU.Build.0 = Release|Any CPU
	EndGlobalSection
	GlobalSection(SolutionProperties) = preSolution
		HideSolutionNode = FALSE
	EndGlobalSection
	GlobalSection(ExtensibilityGlobals) = postSolution
		SolutionGuid = {D6843E41-7DDB-4F8D-90DB-DA1528BCF062}
	EndGlobalSection
EndGlobal
